// !$*UTF8*$!
{
	archiveVersion = 1;
	classes = {
	};
	objectVersion = 48;
	objects = {

/* Begin PBXBuildFile section */
		1F1DA4031FB1E4B000EBBC52 /* AppDelegate.swift in Sources */ = {isa = PBXBuildFile; fileRef = 1F1DA4021FB1E4B000EBBC52 /* AppDelegate.swift */; };
		1F1DA4051FB1E4B000EBBC52 /* ViewController.swift in Sources */ = {isa = PBXBuildFile; fileRef = 1F1DA4041FB1E4B000EBBC52 /* ViewController.swift */; };
		1F1DA4081FB1E4B000EBBC52 /* Main.storyboard in Resources */ = {isa = PBXBuildFile; fileRef = 1F1DA4061FB1E4B000EBBC52 /* Main.storyboard */; };
		1F1DA40A1FB1E4B000EBBC52 /* Assets.xcassets in Resources */ = {isa = PBXBuildFile; fileRef = 1F1DA4091FB1E4B000EBBC52 /* Assets.xcassets */; };
		1F1DA40D1FB1E4B000EBBC52 /* LaunchScreen.storyboard in Resources */ = {isa = PBXBuildFile; fileRef = 1F1DA40B1FB1E4B000EBBC52 /* LaunchScreen.storyboard */; };
		ABE5186F1FB6239A0097B2CB /* StatsViewController.swift in Sources */ = {isa = PBXBuildFile; fileRef = ABE5186E1FB6239A0097B2CB /* StatsViewController.swift */; };
		ABE518711FB623B70097B2CB /* Player.swift in Sources */ = {isa = PBXBuildFile; fileRef = ABE518701FB623B70097B2CB /* Player.swift */; };
/* End PBXBuildFile section */

/* Begin PBXFileReference section */
		1F1DA3FF1FB1E4B000EBBC52 /* OverwatchChallenge.app */ = {isa = PBXFileReference; explicitFileType = wrapper.application; includeInIndex = 0; path = OverwatchChallenge.app; sourceTree = BUILT_PRODUCTS_DIR; };
		1F1DA4021FB1E4B000EBBC52 /* AppDelegate.swift */ = {isa = PBXFileReference; lastKnownFileType = sourcecode.swift; path = AppDelegate.swift; sourceTree = "<group>"; };
		1F1DA4041FB1E4B000EBBC52 /* ViewController.swift */ = {isa = PBXFileReference; lastKnownFileType = sourcecode.swift; path = ViewController.swift; sourceTree = "<group>"; };
		1F1DA4071FB1E4B000EBBC52 /* Base */ = {isa = PBXFileReference; lastKnownFileType = file.storyboard; name = Base; path = Base.lproj/Main.storyboard; sourceTree = "<group>"; };
		1F1DA4091FB1E4B000EBBC52 /* Assets.xcassets */ = {isa = PBXFileReference; lastKnownFileType = folder.assetcatalog; path = Assets.xcassets; sourceTree = "<group>"; };
		1F1DA40C1FB1E4B000EBBC52 /* Base */ = {isa = PBXFileReference; lastKnownFileType = file.storyboard; name = Base; path = Base.lproj/LaunchScreen.storyboard; sourceTree = "<group>"; };
		1F1DA40E1FB1E4B000EBBC52 /* Info.plist */ = {isa = PBXFileReference; lastKnownFileType = text.plist.xml; path = Info.plist; sourceTree = "<group>"; };
		ABE5186E1FB6239A0097B2CB /* StatsViewController.swift */ = {isa = PBXFileReference; lastKnownFileType = sourcecode.swift; path = StatsViewController.swift; sourceTree = "<group>"; };
		ABE518701FB623B70097B2CB /* Player.swift */ = {isa = PBXFileReference; lastKnownFileType = sourcecode.swift; path = Player.swift; sourceTree = "<group>"; };
/* End PBXFileReference section */

/* Begin PBXFrameworksBuildPhase section */
		1F1DA3FC1FB1E4B000EBBC52 /* Frameworks */ = {
			isa = PBXFrameworksBuildPhase;
			buildActionMask = 2147483647;
			files = (
			);
			runOnlyForDeploymentPostprocessing = 0;
		};
/* End PBXFrameworksBuildPhase section */

/* Begin PBXGroup section */
		1F1DA3F61FB1E4B000EBBC52 = {
			isa = PBXGroup;
			children = (
				1F1DA4011FB1E4B000EBBC52 /* OverwatchChallenge */,
				1F1DA4001FB1E4B000EBBC52 /* Products */,
			);
			sourceTree = "<group>";
		};
		1F1DA4001FB1E4B000EBBC52 /* Products */ = {
			isa = PBXGroup;
			children = (
				1F1DA3FF1FB1E4B000EBBC52 /* OverwatchChallenge.app */,
			);
			name = Products;
			sourceTree = "<group>";
		};
		1F1DA4011FB1E4B000EBBC52 /* OverwatchChallenge */ = {
			isa = PBXGroup;
			children = (
				1F1DA4021FB1E4B000EBBC52 /* AppDelegate.swift */,
				1F1DA4041FB1E4B000EBBC52 /* ViewController.swift */,
				ABE5186E1FB6239A0097B2CB /* StatsViewController.swift */,
				ABE518701FB623B70097B2CB /* Player.swift */,
				1F1DA4061FB1E4B000EBBC52 /* Main.storyboard */,
				1F1DA4091FB1E4B000EBBC52 /* Assets.xcassets */,
				1F1DA40B1FB1E4B000EBBC52 /* LaunchScreen.storyboard */,
				1F1DA40E1FB1E4B000EBBC52 /* Info.plist */,
			);
			path = OverwatchChallenge;
			sourceTree = "<group>";
		};
/* End PBXGroup section */

/* Begin PBXNativeTarget section */
		1F1DA3FE1FB1E4B000EBBC52 /* OverwatchChallenge */ = {
			isa = PBXNativeTarget;
			buildConfigurationList = 1F1DA4111FB1E4B000EBBC52 /* Build configuration list for PBXNativeTarget "OverwatchChallenge" */;
			buildPhases = (
				1F1DA3FB1FB1E4B000EBBC52 /* Sources */,
				1F1DA3FC1FB1E4B000EBBC52 /* Frameworks */,
				1F1DA3FD1FB1E4B000EBBC52 /* Resources */,
			);
			buildRules = (
			);
			dependencies = (
			);
			name = OverwatchChallenge;
			productName = OverwatchChallenge;
			productReference = 1F1DA3FF1FB1E4B000EBBC52 /* OverwatchChallenge.app */;
			productType = "com.apple.product-type.application";
		};
/* End PBXNativeTarget section */

/* Begin PBXProject section */
		1F1DA3F71FB1E4B000EBBC52 /* Project object */ = {
			isa = PBXProject;
			attributes = {
				LastSwiftUpdateCheck = 0900;
				LastUpgradeCheck = 0900;
				ORGANIZATIONNAME = victordiehl;
				TargetAttributes = {
					1F1DA3FE1FB1E4B000EBBC52 = {
						CreatedOnToolsVersion = 9.0;
						ProvisioningStyle = Automatic;
					};
				};
			};
			buildConfigurationList = 1F1DA3FA1FB1E4B000EBBC52 /* Build configuration list for PBXProject "OverwatchChallenge" */;
			compatibilityVersion = "Xcode 8.0";
			developmentRegion = en;
			hasScannedForEncodings = 0;
			knownRegions = (
				en,
				Base,
			);
			mainGroup = 1F1DA3F61FB1E4B000EBBC52;
			productRefGroup = 1F1DA4001FB1E4B000EBBC52 /* Products */;
			projectDirPath = "";
			projectRoot = "";
			targets = (
				1F1DA3FE1FB1E4B000EBBC52 /* OverwatchChallenge */,
			);
		};
/* End PBXProject section */

/* Begin PBXResourcesBuildPhase section */
		1F1DA3FD1FB1E4B000EBBC52 /* Resources */ = {
			isa = PBXResourcesBuildPhase;
			buildActionMask = 2147483647;
			files = (
				1F1DA40D1FB1E4B000EBBC52 /* LaunchScreen.storyboard in Resources */,
				1F1DA40A1FB1E4B000EBBC52 /* Assets.xcassets in Resources */,
				1F1DA4081FB1E4B000EBBC52 /* Main.storyboard in Resources */,
			);
			runOnlyForDeploymentPostprocessing = 0;
		};
/* End PBXResourcesBuildPhase section */

/* Begin PBXSourcesBuildPhase section */
		1F1DA3FB1FB1E4B000EBBC52 /* Sources */ = {
			isa = PBXSourcesBuildPhase;
			buildActionMask = 2147483647;
			files = (
				ABE518711FB623B70097B2CB /* Player.swift in Sources */,
				1F1DA4051FB1E4B000EBBC52 /* ViewController.swift in Sources */,
				ABE5186F1FB6239A0097B2CB /* StatsViewController.swift in Sources */,
				1F1DA4031FB1E4B000EBBC52 /* AppDelegate.swift in Sources */,
			);
			runOnlyForDeploymentPostprocessing = 0;
		};
/* End PBXSourcesBuildPhase section */

/* Begin PBXVariantGroup section */
		1F1DA4061FB1E4B000EBBC52 /* Main.storyboard */ = {
			isa = PBXVariantGroup;
			children = (
				1F1DA4071FB1E4B000EBBC52 /* Base */,
			);
			name = Main.storyboard;
			sourceTree = "<group>";
		};
		1F1DA40B1FB1E4B000EBBC52 /* LaunchScreen.storyboard */ = {
			isa = PBXVariantGroup;
			children = (
				1F1DA40C1FB1E4B000EBBC52 /* Base */,
			);
			name = LaunchScreen.storyboard;
			sourceTree = "<group>";
		};
/* End PBXVariantGroup section */

/* Begin XCBuildConfiguration section */
		1F1DA40F1FB1E4B000EBBC52 /* Debug */ = {
			isa = XCBuildConfiguration;
			buildSettings = {
				ALWAYS_SEARCH_USER_PATHS = NO;
				CLANG_ANALYZER_NONNULL = YES;
				CLANG_ANALYZER_NUMBER_OBJECT_CONVERSION = YES_AGGRESSIVE;
				CLANG_CXX_LANGUAGE_STANDARD = "gnu++14";
				CLANG_CXX_LIBRARY = "libc++";
				CLANG_ENABLE_MODULES = YES;
				CLANG_ENABLE_OBJC_ARC = YES;
				CLANG_WARN_BLOCK_CAPTURE_AUTORELEASING = YES;
				CLANG_WARN_BOOL_CONVERSION = YES;
				CLANG_WARN_COMMA = YES;
				CLANG_WARN_CONSTANT_CONVERSION = YES;
				CLANG_WARN_DIRECT_OBJC_ISA_USAGE = YES_ERROR;
				CLANG_WARN_DOCUMENTATION_COMMENTS = YES;
				CLANG_WARN_EMPTY_BODY = YES;
				CLANG_WARN_ENUM_CONVERSION = YES;
				CLANG_WARN_INFINITE_RECURSION = YES;
				CLANG_WARN_INT_CONVERSION = YES;
				CLANG_WARN_NON_LITERAL_NULL_CONVERSION = YES;
				CLANG_WARN_OBJC_LITERAL_CONVERSION = YES;
				CLANG_WARN_OBJC_ROOT_CLASS = YES_ERROR;
				CLANG_WARN_RANGE_LOOP_ANALYSIS = YES;
				CLANG_WARN_STRICT_PROTOTYPES = YES;
				CLANG_WARN_SUSPICIOUS_MOVE = YES;
				CLANG_WARN_UNGUARDED_AVAILABILITY = YES_AGGRESSIVE;
				CLANG_WARN_UNREACHABLE_CODE = YES;
				CLANG_WARN__DUPLICATE_METHOD_MATCH = YES;
				CODE_SIGN_IDENTITY = "iPhone Developer";
				COPY_PHASE_STRIP = NO;
				DEBUG_INFORMATION_FORMAT = dwarf;
				ENABLE_STRICT_OBJC_MSGSEND = YES;
				ENABLE_TESTABILITY = YES;
				GCC_C_LANGUAGE_STANDARD = gnu11;
				GCC_DYNAMIC_NO_PIC = NO;
				GCC_NO_COMMON_BLOCKS = YES;
				GCC_OPTIMIZATION_LEVEL = 0;
				GCC_PREPROCESSOR_DEFINITIONS = (
					"DEBUG=1",
					"$(inherited)",
				);
				GCC_WARN_64_TO_32_BIT_CONVERSION = YES;
				GCC_WARN_ABOUT_RETURN_TYPE = YES_ERROR;
				GCC_WARN_UNDECLARED_SELECTOR = YES;
				GCC_WARN_UNINITIALIZED_AUTOS = YES_AGGRESSIVE;
				GCC_WARN_UNUSED_FUNCTION = YES;
				GCC_WARN_UNUSED_VARIABLE = YES;
				IPHONEOS_DEPLOYMENT_TARGET = 11.0;
				MTL_ENABLE_DEBUG_INFO = YES;
				ONLY_ACTIVE_ARCH = YES;
				SDKROOT = iphoneos;
				SWIFT_ACTIVE_COMPILATION_CONDITIONS = DEBUG;
				SWIFT_OPTIMIZATION_LEVEL = "-Onone";
			};
			name = Debug;
		};
		1F1DA4101FB1E4B000EBBC52 /* Release */ = {
			isa = XCBuildConfiguration;
			buildSettings = {
				ALWAYS_SEARCH_USER_PATHS = NO;
				CLANG_ANALYZER_NONNULL = YES;
				CLANG_ANALYZER_NUMBER_OBJECT_CONVERSION = YES_AGGRESSIVE;
				CLANG_CXX_LANGUAGE_STANDARD = "gnu++14";
				CLANG_CXX_LIBRARY = "libc++";
				CLANG_ENABLE_MODULES = YES;
				CLANG_ENABLE_OBJC_ARC = YES;
				CLANG_WARN_BLOCK_CAPTURE_AUTORELEASING = YES;
				CLANG_WARN_BOOL_CONVERSION = YES;
				CLANG_WARN_COMMA = YES;
				CLANG_WARN_CONSTANT_CONVERSION = YES;
				CLANG_WARN_DIRECT_OBJC_ISA_USAGE = YES_ERROR;
				CLANG_WARN_DOCUMENTATION_COMMENTS = YES;
				CLANG_WARN_EMPTY_BODY = YES;
				CLANG_WARN_ENUM_CONVERSION = YES;
				CLANG_WARN_INFINITE_RECURSION = YES;
				CLANG_WARN_INT_CONVERSION = YES;
				CLANG_WARN_NON_LITERAL_NULL_CONVERSION = YES;
				CLANG_WARN_OBJC_LITERAL_CONVERSION = YES;
				CLANG_WARN_OBJC_ROOT_CLASS = YES_ERROR;
				CLANG_WARN_RANGE_LOOP_ANALYSIS = YES;
				CLANG_WARN_STRICT_PROTOTYPES = YES;
				CLANG_WARN_SUSPICIOUS_MOVE = YES;
				CLANG_WARN_UNGUARDED_AVAILABILITY = YES_AGGRESSIVE;
				CLANG_WARN_UNREACHABLE_CODE = YES;
				CLANG_WARN__DUPLICATE_METHOD_MATCH = YES;
				CODE_SIGN_IDENTITY = "iPhone Developer";
				COPY_PHASE_STRIP = NO;
				DEBUG_INFORMATION_FORMAT = "dwarf-with-dsym";
				ENABLE_NS_ASSERTIONS = NO;
				ENABLE_STRICT_OBJC_MSGSEND = YES;
				GCC_C_LANGUAGE_STANDARD = gnu11;
				GCC_NO_COMMON_BLOCKS = YES;
				GCC_WARN_64_TO_32_BIT_CONVERSION = YES;
				GCC_WARN_ABOUT_RETURN_TYPE = YES_ERROR;
				GCC_WARN_UNDECLARED_SELECTOR = YES;
				GCC_WARN_UNINITIALIZED_AUTOS = YES_AGGRESSIVE;
				GCC_WARN_UNUSED_FUNCTION = YES;
				GCC_WARN_UNUSED_VARIABLE = YES;
				IPHONEOS_DEPLOYMENT_TARGET = 11.0;
				MTL_ENABLE_DEBUG_INFO = NO;
				SDKROOT = iphoneos;
				SWIFT_OPTIMIZATION_LEVEL = "-Owholemodule";
				VALIDATE_PRODUCT = YES;
			};
			name = Release;
		};
		1F1DA4121FB1E4B000EBBC52 /* Debug */ = {
			isa = XCBuildConfiguration;
			buildSettings = {
				ASSETCATALOG_COMPILER_APPICON_NAME = AppIcon;
				CODE_SIGN_STYLE = Automatic;
				DEVELOPMENT_TEAM = VXU4QL7U6A;
				INFOPLIST_FILE = OverwatchChallenge/Info.plist;
				LD_RUNPATH_SEARCH_PATHS = "$(inherited) @executable_path/Frameworks";
				PRODUCT_BUNDLE_IDENTIFIER = com.victordiehl.OverwatchChallenge;
				PRODUCT_NAME = "$(TARGET_NAME)";
				SWIFT_VERSION = 4.0;
				TARGETED_DEVICE_FAMILY = "1,2";
			};
			name = Debug;
		};
		1F1DA4131FB1E4B000EBBC52 /* Release */ = {
			isa = XCBuildConfiguration;
			buildSettings = {
				ASSETCATALOG_COMPILER_APPICON_NAME = AppIcon;
				CODE_SIGN_STYLE = Automatic;
				DEVELOPMENT_TEAM = VXU4QL7U6A;
				INFOPLIST_FILE = OverwatchChallenge/Info.plist;
				LD_RUNPATH_SEARCH_PATHS = "$(inherited) @executable_path/Frameworks";
				PRODUCT_BUNDLE_IDENTIFIER = com.victordiehl.OverwatchChallenge;
				PRODUCT_NAME = "$(TARGET_NAME)";
				SWIFT_VERSION = 4.0;
				TARGETED_DEVICE_FAMILY = "1,2";
			};
			name = Release;
		};
/* End XCBuildConfiguration section */

/* Begin XCConfigurationList section */
		1F1DA3FA1FB1E4B000EBBC52 /* Build configuration list for PBXProject "OverwatchChallenge" */ = {
			isa = XCConfigurationList;
			buildConfigurations = (
				1F1DA40F1FB1E4B000EBBC52 /* Debug */,
				1F1DA4101FB1E4B000EBBC52 /* Release */,
			);
			defaultConfigurationIsVisible = 0;
			defaultConfigurationName = Release;
		};
		1F1DA4111FB1E4B000EBBC52 /* Build configuration list for PBXNativeTarget "OverwatchChallenge" */ = {
			isa = XCConfigurationList;
			buildConfigurations = (
				1F1DA4121FB1E4B000EBBC52 /* Debug */,
				1F1DA4131FB1E4B000EBBC52 /* Release */,
			);
			defaultConfigurationIsVisible = 0;
			defaultConfigurationName = Release;
		};
/* End XCConfigurationList section */
	};
	rootObject = 1F1DA3F71FB1E4B000EBBC52 /* Project object */;
}
